Microsoft Visual Studio Solution File, Format Version 12.00
# Visual Studio Version 17
VisualStudioVersion = 17.5.2.0
MinimumVisualStudioVersion = 10.0.40219.1
Project("{FAE04EC0-301F-11D3-BF4B-00C04F79EFBC}") = "cicloscombinados1", "cicloscombinados1\cicloscombinados1.csproj", "{488189A8-8658-B921-29D9-76D7C81653D8}"
EndProject
Global
	GlobalSection(SolutionConfigurationPlatforms) = preSolution
		Debug|Any CPU = Debug|Any CPU
		Release|Any CPU = Release|Any CPU
	EndGlobalSection
	GlobalSection(ProjectConfigurationPlatforms) = postSolution
		{488189A8-8658-B921-29D9-76D7C81653D8}.Debug|Any CPU.ActiveCfg = Debug|Any CPU
		{488189A8-8658-B921-29D9-76D7C81653D8}.Debug|Any CPU.Build.0 = Debug|Any CPU
		{488189A8-8658-B921-29D9-76D7C81653D8}.Release|Any CPU.ActiveCfg = Release|Any CPU
		{488189A8-8658-B921-29D9-76D7C81653D8}.Release|Any CPU.Build.0 = Release|Any CPU
	EndGlobalSection
	GlobalSection(SolutionProperties) = preSolution
		HideSolutionNode = FALSE
	EndGlobalSection
	GlobalSection(ExtensibilityGlobals) = postSolution
		SolutionGuid = {7BB14157-3A7A-4D2C-90EF-367239AEF9CF}
	EndGlobalSection
EndGlobal
